
Microsoft Visual Studio Solution File, Format Version 12.00
# Visual Studio Version 16
VisualStudioVersion = 16.0.30907.101
MinimumVisualStudioVersion = 10.0.40219.1
Project("{FAE04EC0-301F-11D3-BF4B-00C04F79EFBC}") = "WpfApp1", "WpfApp1\WpfApp1.csproj", "{655568F5-493F-49D3-B62A-ADFA74558119}"
EndProject
Global
	GlobalSection(SolutionConfigurationPlatforms) = preSolution
		Debug|Any CPU = Debug|Any CPU
		Release|Any CPU = Release|Any CPU
	EndGlobalSection
	GlobalSection(ProjectConfigurationPlatforms) = postSolution
		{655568F5-493F-49D3-B62A-ADFA74558119}.Debug|Any CPU.ActiveCfg = Debug|Any CPU
		{655568F5-493F-49D3-B62A-ADFA74558119}.Debug|Any CPU.Build.0 = Debug|Any CPU
		{655568F5-493F-49D3-B62A-ADFA74558119}.Release|Any CPU.ActiveCfg = Release|Any CPU
		{655568F5-493F-49D3-B62A-ADFA74558119}.Release|Any CPU.Build.0 = Release|Any CPU
	EndGlobalSection
	GlobalSection(SolutionProperties) = preSolution
		HideSolutionNode = FALSE
	EndGlobalSection
	GlobalSection(ExtensibilityGlobals) = postSolution
		SolutionGuid = {69B3E612-AE79-4D91-9C21-A0F14D0DA1FE}
	EndGlobalSection
EndGlobal
